
Microsoft Visual Studio Solution File, Format Version 12.00
# Visual Studio Version 17
VisualStudioVersion = 17.14.36511.14
MinimumVisualStudioVersion = 10.0.40219.1
Project("{FAE04EC0-301F-11D3-BF4B-00C04F79EFBC}") = "KTreeTwo", "KTreeTwo\KTreeTwo.csproj", "{887C6A7B-E783-478D-84E9-C32DA227F284}"
EndProject
Project("{FAE04EC0-301F-11D3-BF4B-00C04F79EFBC}") = "UnitTest", "UnitTest\UnitTest.csproj", "{4D0E665F-5BD4-4A56-A9A5-2882E294B972}"
EndProject
Global
	GlobalSection(SolutionConfigurationPlatforms) = preSolution
		Debug|Any CPU = Debug|Any CPU
		Release|Any CPU = Release|Any CPU
	EndGlobalSection
	GlobalSection(ProjectConfigurationPlatforms) = postSolution
		{887C6A7B-E783-478D-84E9-C32DA227F284}.Debug|Any CPU.ActiveCfg = Debug|Any CPU
		{887C6A7B-E783-478D-84E9-C32DA227F284}.Debug|Any CPU.Build.0 = Debug|Any CPU
		{887C6A7B-E783-478D-84E9-C32DA227F284}.Release|Any CPU.ActiveCfg = Release|Any CPU
		{887C6A7B-E783-478D-84E9-C32DA227F284}.Release|Any CPU.Build.0 = Release|Any CPU
		{4D0E665F-5BD4-4A56-A9A5-2882E294B972}.Debug|Any CPU.ActiveCfg = Debug|Any CPU
		{4D0E665F-5BD4-4A56-A9A5-2882E294B972}.Debug|Any CPU.Build.0 = Debug|Any CPU
		{4D0E665F-5BD4-4A56-A9A5-2882E294B972}.Release|Any CPU.ActiveCfg = Release|Any CPU
		{4D0E665F-5BD4-4A56-A9A5-2882E294B972}.Release|Any CPU.Build.0 = Release|Any CPU
	EndGlobalSection
	GlobalSection(SolutionProperties) = preSolution
		HideSolutionNode = FALSE
	EndGlobalSection
	GlobalSection(ExtensibilityGlobals) = postSolution
		SolutionGuid = {C0DEB1BE-B696-41CF-B160-970A1F408901}
	EndGlobalSection
EndGlobal
